
Microsoft Visual Studio Solution File, Format Version 12.00
# Visual Studio 14
VisualStudioVersion = 14.0.25420.1
MinimumVisualStudioVersion = 10.0.40219.1
Project("{FAE04EC0-301F-11D3-BF4B-00C04F79EFBC}") = "01Adapter", "01Adapter\01Adapter.csproj", "{14E2742D-CC93-48A6-82FF-832618D8AC59}"
EndProject
Project("{FAE04EC0-301F-11D3-BF4B-00C04F79EFBC}") = "01Adapter.Tests", "01Adapter.Tests\01Adapter.Tests.csproj", "{082EFD0F-10FD-4D2E-A791-7DC54B776719}"
EndProject
Project("{FAE04EC0-301F-11D3-BF4B-00C04F79EFBC}") = "00Data", "00Data\00Data.csproj", "{9EC3BB54-D827-4675-BC42-687E18E60F6A}"
EndProject
Project("{FAE04EC0-301F-11D3-BF4B-00C04F79EFBC}") = "02Strategy", "02Strategy\02Strategy.csproj", "{D57AE318-CBC0-4D5B-ACD5-27A9FEBB18FA}"
EndProject
Project("{FAE04EC0-301F-11D3-BF4B-00C04F79EFBC}") = "00Data.Tests", "00Data.Tests\00Data.Tests.csproj", "{7E638781-7EF3-460A-B842-463641CDA9C7}"
EndProject
Project("{FAE04EC0-301F-11D3-BF4B-00C04F79EFBC}") = "03Iterator", "03Iterator\03Iterator.csproj", "{448C2B3F-41E4-4213-BE05-D0131F85FE98}"
EndProject
Project("{FAE04EC0-301F-11D3-BF4B-00C04F79EFBC}") = "04Iterator2", "04Iterator2\04Iterator2.csproj", "{CC24E153-3A51-4281-909B-D7EC2E9E5532}"
EndProject
Project("{FAE04EC0-301F-11D3-BF4B-00C04F79EFBC}") = "05Iterator3", "05Iterator3\05Iterator3.csproj", "{129BCA53-7900-4DEE-93BE-7C96B5F6AA81}"
EndProject
Project("{FAE04EC0-301F-11D3-BF4B-00C04F79EFBC}") = "06Observer", "06Observer\06Observer.csproj", "{96A82E7D-3214-4A93-8277-A67342C20E98}"
EndProject
Project("{FAE04EC0-301F-11D3-BF4B-00C04F79EFBC}") = "07Observer2", "07Observer2\07Observer2.csproj", "{585943CA-3D12-4E6A-8446-B119F342AB52}"
EndProject
Global
	GlobalSection(SolutionConfigurationPlatforms) = preSolution
		Debug|Any CPU = Debug|Any CPU
		Release|Any CPU = Release|Any CPU
	EndGlobalSection
	GlobalSection(ProjectConfigurationPlatforms) = postSolution
		{14E2742D-CC93-48A6-82FF-832618D8AC59}.Debug|Any CPU.ActiveCfg = Debug|Any CPU
		{14E2742D-CC93-48A6-82FF-832618D8AC59}.Debug|Any CPU.Build.0 = Debug|Any CPU
		{14E2742D-CC93-48A6-82FF-832618D8AC59}.Release|Any CPU.ActiveCfg = Release|Any CPU
		{14E2742D-CC93-48A6-82FF-832618D8AC59}.Release|Any CPU.Build.0 = Release|Any CPU
		{082EFD0F-10FD-4D2E-A791-7DC54B776719}.Debug|Any CPU.ActiveCfg = Debug|Any CPU
		{082EFD0F-10FD-4D2E-A791-7DC54B776719}.Debug|Any CPU.Build.0 = Debug|Any CPU
		{082EFD0F-10FD-4D2E-A791-7DC54B776719}.Release|Any CPU.ActiveCfg = Release|Any CPU
		{082EFD0F-10FD-4D2E-A791-7DC54B776719}.Release|Any CPU.Build.0 = Release|Any CPU
		{9EC3BB54-D827-4675-BC42-687E18E60F6A}.Debug|Any CPU.ActiveCfg = Debug|Any CPU
		{9EC3BB54-D827-4675-BC42-687E18E60F6A}.Debug|Any CPU.Build.0 = Debug|Any CPU
		{9EC3BB54-D827-4675-BC42-687E18E60F6A}.Release|Any CPU.ActiveCfg = Release|Any CPU
		{9EC3BB54-D827-4675-BC42-687E18E60F6A}.Release|Any CPU.Build.0 = Release|Any CPU
		{D57AE318-CBC0-4D5B-ACD5-27A9FEBB18FA}.Debug|Any CPU.ActiveCfg = Debug|Any CPU
		{D57AE318-CBC0-4D5B-ACD5-27A9FEBB18FA}.Debug|Any CPU.Build.0 = Debug|Any CPU
		{D57AE318-CBC0-4D5B-ACD5-27A9FEBB18FA}.Release|Any CPU.ActiveCfg = Release|Any CPU
		{D57AE318-CBC0-4D5B-ACD5-27A9FEBB18FA}.Release|Any CPU.Build.0 = Release|Any CPU
		{7E638781-7EF3-460A-B842-463641CDA9C7}.Debug|Any CPU.ActiveCfg = Debug|Any CPU
		{7E638781-7EF3-460A-B842-463641CDA9C7}.Debug|Any CPU.Build.0 = Debug|Any CPU
		{7E638781-7EF3-460A-B842-463641CDA9C7}.Release|Any CPU.ActiveCfg = Release|Any CPU
		{7E638781-7EF3-460A-B842-463641CDA9C7}.Release|Any CPU.Build.0 = Release|Any CPU
		{448C2B3F-41E4-4213-BE05-D0131F85FE98}.Debug|Any CPU.ActiveCfg = Debug|Any CPU
		{448C2B3F-41E4-4213-BE05-D0131F85FE98}.Debug|Any CPU.Build.0 = Debug|Any CPU
		{448C2B3F-41E4-4213-BE05-D0131F85FE98}.Release|Any CPU.ActiveCfg = Release|Any CPU
		{448C2B3F-41E4-4213-BE05-D0131F85FE98}.Release|Any CPU.Build.0 = Release|Any CPU
		{CC24E153-3A51-4281-909B-D7EC2E9E5532}.Debug|Any CPU.ActiveCfg = Debug|Any CPU
		{CC24E153-3A51-4281-909B-D7EC2E9E5532}.Debug|Any CPU.Build.0 = Debug|Any CPU
		{CC24E153-3A51-4281-909B-D7EC2E9E5532}.Release|Any CPU.ActiveCfg = Release|Any CPU
		{CC24E153-3A51-4281-909B-D7EC2E9E5532}.Release|Any CPU.Build.0 = Release|Any CPU
		{129BCA53-7900-4DEE-93BE-7C96B5F6AA81}.Debug|Any CPU.ActiveCfg = Debug|Any CPU
		{129BCA53-7900-4DEE-93BE-7C96B5F6AA81}.Debug|Any CPU.Build.0 = Debug|Any CPU
		{129BCA53-7900-4DEE-93BE-7C96B5F6AA81}.Release|Any CPU.ActiveCfg = Release|Any CPU
		{129BCA53-7900-4DEE-93BE-7C96B5F6AA81}.Release|Any CPU.Build.0 = Release|Any CPU
		{96A82E7D-3214-4A93-8277-A67342C20E98}.Debug|Any CPU.ActiveCfg = Debug|Any CPU
		{96A82E7D-3214-4A93-8277-A67342C20E98}.Debug|Any CPU.Build.0 = Debug|Any CPU
		{96A82E7D-3214-4A93-8277-A67342C20E98}.Release|Any CPU.ActiveCfg = Release|Any CPU
		{96A82E7D-3214-4A93-8277-A67342C20E98}.Release|Any CPU.Build.0 = Release|Any CPU
		{585943CA-3D12-4E6A-8446-B119F342AB52}.Debug|Any CPU.ActiveCfg = Debug|Any CPU
		{585943CA-3D12-4E6A-8446-B119F342AB52}.Debug|Any CPU.Build.0 = Debug|Any CPU
		{585943CA-3D12-4E6A-8446-B119F342AB52}.Release|Any CPU.ActiveCfg = Release|Any CPU
		{585943CA-3D12-4E6A-8446-B119F342AB52}.Release|Any CPU.Build.0 = Release|Any CPU
	EndGlobalSection
	GlobalSection(SolutionProperties) = preSolution
		HideSolutionNode = FALSE
	EndGlobalSection
EndGlobal
